
Microsoft Visual Studio Solution File, Format Version 12.00
# Visual Studio Version 17
VisualStudioVersion = 17.8.34330.188
MinimumVisualStudioVersion = 10.0.40219.1
Project("{FAE04EC0-301F-11D3-BF4B-00C04F79EFBC}") = "futbolForm", "futbolForm\futbolForm.csproj", "{F33FF981-8AA9-4785-A37A-BCD358461B4E}"
EndProject
Global
	GlobalSection(SolutionConfigurationPlatforms) = preSolution
		Debug|Any CPU = Debug|Any CPU
		Release|Any CPU = Release|Any CPU
	EndGlobalSection
	GlobalSection(ProjectConfigurationPlatforms) = postSolution
		{F33FF981-8AA9-4785-A37A-BCD358461B4E}.Debug|Any CPU.ActiveCfg = Debug|Any CPU
		{F33FF981-8AA9-4785-A37A-BCD358461B4E}.Debug|Any CPU.Build.0 = Debug|Any CPU
		{F33FF981-8AA9-4785-A37A-BCD358461B4E}.Release|Any CPU.ActiveCfg = Release|Any CPU
		{F33FF981-8AA9-4785-A37A-BCD358461B4E}.Release|Any CPU.Build.0 = Release|Any CPU
	EndGlobalSection
	GlobalSection(SolutionProperties) = preSolution
		HideSolutionNode = FALSE
	EndGlobalSection
	GlobalSection(ExtensibilityGlobals) = postSolution
		SolutionGuid = {5F86814C-3346-405D-A26D-C3DA8C25DC06}
	EndGlobalSection
EndGlobal
